// !$*UTF8*$!
{
	archiveVersion = 1;
	classes = {
	};
	objectVersion = 46;
	objects = {

/* Begin PBXBuildFile section */
		F5D5E4471F9D2D6600E37053 /* AppDelegate.swift in Sources */ = {isa = PBXBuildFile; fileRef = F5D5E4461F9D2D6600E37053 /* AppDelegate.swift */; };
		F5D5E4491F9D2D6600E37053 /* ViewController.swift in Sources */ = {isa = PBXBuildFile; fileRef = F5D5E4481F9D2D6600E37053 /* ViewController.swift */; };
		F5D5E44C1F9D2D6600E37053 /* Main.storyboard in Resources */ = {isa = PBXBuildFile; fileRef = F5D5E44A1F9D2D6600E37053 /* Main.storyboard */; };
		F5D5E44E1F9D2D6600E37053 /* Assets.xcassets in Resources */ = {isa = PBXBuildFile; fileRef = F5D5E44D1F9D2D6600E37053 /* Assets.xcassets */; };
		F5D5E4511F9D2D6600E37053 /* LaunchScreen.storyboard in Resources */ = {isa = PBXBuildFile; fileRef = F5D5E44F1F9D2D6600E37053 /* LaunchScreen.storyboard */; };
		F5D5E45C1F9D2D6600E37053 /* AllemanProject1Tests.swift in Sources */ = {isa = PBXBuildFile; fileRef = F5D5E45B1F9D2D6600E37053 /* AllemanProject1Tests.swift */; };
		F5D5E4671F9D2D6600E37053 /* AllemanProject1UITests.swift in Sources */ = {isa = PBXBuildFile; fileRef = F5D5E4661F9D2D6600E37053 /* AllemanProject1UITests.swift */; };
/* End PBXBuildFile section */

/* Begin PBXContainerItemProxy section */
		F5D5E4581F9D2D6600E37053 /* PBXContainerItemProxy */ = {
			isa = PBXContainerItemProxy;
			containerPortal = F5D5E43B1F9D2D6600E37053 /* Project object */;
			proxyType = 1;
			remoteGlobalIDString = F5D5E4421F9D2D6600E37053;
			remoteInfo = AllemanProject1;
		};
		F5D5E4631F9D2D6600E37053 /* PBXContainerItemProxy */ = {
			isa = PBXContainerItemProxy;
			containerPortal = F5D5E43B1F9D2D6600E37053 /* Project object */;
			proxyType = 1;
			remoteGlobalIDString = F5D5E4421F9D2D6600E37053;
			remoteInfo = AllemanProject1;
		};
/* End PBXContainerItemProxy section */

/* Begin PBXFileReference section */
		F5D5E4431F9D2D6600E37053 /* AllemanProject1.app */ = {isa = PBXFileReference; explicitFileType = wrapper.application; includeInIndex = 0; path = AllemanProject1.app; sourceTree = BUILT_PRODUCTS_DIR; };
		F5D5E4461F9D2D6600E37053 /* AppDelegate.swift */ = {isa = PBXFileReference; lastKnownFileType = sourcecode.swift; path = AppDelegate.swift; sourceTree = "<group>"; };
		F5D5E4481F9D2D6600E37053 /* ViewController.swift */ = {isa = PBXFileReference; lastKnownFileType = sourcecode.swift; path = ViewController.swift; sourceTree = "<group>"; };
		F5D5E44B1F9D2D6600E37053 /* Base */ = {isa = PBXFileReference; lastKnownFileType = file.storyboard; name = Base; path = Base.lproj/Main.storyboard; sourceTree = "<group>"; };
		F5D5E44D1F9D2D6600E37053 /* Assets.xcassets */ = {isa = PBXFileReference; lastKnownFileType = folder.assetcatalog; path = Assets.xcassets; sourceTree = "<group>"; };
		F5D5E4501F9D2D6600E37053 /* Base */ = {isa = PBXFileReference; lastKnownFileType = file.storyboard; name = Base; path = Base.lproj/LaunchScreen.storyboard; sourceTree = "<group>"; };
		F5D5E4521F9D2D6600E37053 /* Info.plist */ = {isa = PBXFileReference; lastKnownFileType = text.plist.xml; path = Info.plist; sourceTree = "<group>"; };
		F5D5E4571F9D2D6600E37053 /* AllemanProject1Tests.xctest */ = {isa = PBXFileReference; explicitFileType = wrapper.cfbundle; includeInIndex = 0; path = AllemanProject1Tests.xctest; sourceTree = BUILT_PRODUCTS_DIR; };
		F5D5E45B1F9D2D6600E37053 /* AllemanProject1Tests.swift */ = {isa = PBXFileReference; lastKnownFileType = sourcecode.swift; path = AllemanProject1Tests.swift; sourceTree = "<group>"; };
		F5D5E45D1F9D2D6600E37053 /* Info.plist */ = {isa = PBXFileReference; lastKnownFileType = text.plist.xml; path = Info.plist; sourceTree = "<group>"; };
		F5D5E4621F9D2D6600E37053 /* AllemanProject1UITests.xctest */ = {isa = PBXFileReference; explicitFileType = wrapper.cfbundle; includeInIndex = 0; path = AllemanProject1UITests.xctest; sourceTree = BUILT_PRODUCTS_DIR; };
		F5D5E4661F9D2D6600E37053 /* AllemanProject1UITests.swift */ = {isa = PBXFileReference; lastKnownFileType = sourcecode.swift; path = AllemanProject1UITests.swift; sourceTree = "<group>"; };
		F5D5E4681F9D2D6600E37053 /* Info.plist */ = {isa = PBXFileReference; lastKnownFileType = text.plist.xml; path = Info.plist; sourceTree = "<group>"; };
/* End PBXFileReference section */

/* Begin PBXFrameworksBuildPhase section */
		F5D5E4401F9D2D6600E37053 /* Frameworks */ = {
			isa = PBXFrameworksBuildPhase;
			buildActionMask = 2147483647;
			files = (
			);
			runOnlyForDeploymentPostprocessing = 0;
		};
		F5D5E4541F9D2D6600E37053 /* Frameworks */ = {
			isa = PBXFrameworksBuildPhase;
			buildActionMask = 2147483647;
			files = (
			);
			runOnlyForDeploymentPostprocessing = 0;
		};
		F5D5E45F1F9D2D6600E37053 /* Frameworks */ = {
			isa = PBXFrameworksBuildPhase;
			buildActionMask = 2147483647;
			files = (
			);
			runOnlyForDeploymentPostprocessing = 0;
		};
/* End PBXFrameworksBuildPhase section */

/* Begin PBXGroup section */
		F5D5E43A1F9D2D6600E37053 = {
			isa = PBXGroup;
			children = (
				F5D5E4451F9D2D6600E37053 /* AllemanProject1 */,
				F5D5E45A1F9D2D6600E37053 /* AllemanProject1Tests */,
				F5D5E4651F9D2D6600E37053 /* AllemanProject1UITests */,
				F5D5E4441F9D2D6600E37053 /* Products */,
			);
			sourceTree = "<group>";
		};
		F5D5E4441F9D2D6600E37053 /* Products */ = {
			isa = PBXGroup;
			children = (
				F5D5E4431F9D2D6600E37053 /* AllemanProject1.app */,
				F5D5E4571F9D2D6600E37053 /* AllemanProject1Tests.xctest */,
				F5D5E4621F9D2D6600E37053 /* AllemanProject1UITests.xctest */,
			);
			name = Products;
			sourceTree = "<group>";
		};
		F5D5E4451F9D2D6600E37053 /* AllemanProject1 */ = {
			isa = PBXGroup;
			children = (
				F5D5E4461F9D2D6600E37053 /* AppDelegate.swift */,
				F5D5E4481F9D2D6600E37053 /* ViewController.swift */,
				F5D5E44A1F9D2D6600E37053 /* Main.storyboard */,
				F5D5E44D1F9D2D6600E37053 /* Assets.xcassets */,
				F5D5E44F1F9D2D6600E37053 /* LaunchScreen.storyboard */,
				F5D5E4521F9D2D6600E37053 /* Info.plist */,
			);
			path = AllemanProject1;
			sourceTree = "<group>";
		};
		F5D5E45A1F9D2D6600E37053 /* AllemanProject1Tests */ = {
			isa = PBXGroup;
			children = (
				F5D5E45B1F9D2D6600E37053 /* AllemanProject1Tests.swift */,
				F5D5E45D1F9D2D6600E37053 /* Info.plist */,
			);
			path = AllemanProject1Tests;
			sourceTree = "<group>";
		};
		F5D5E4651F9D2D6600E37053 /* AllemanProject1UITests */ = {
			isa = PBXGroup;
			children = (
				F5D5E4661F9D2D6600E37053 /* AllemanProject1UITests.swift */,
				F5D5E4681F9D2D6600E37053 /* Info.plist */,
			);
			path = AllemanProject1UITests;
			sourceTree = "<group>";
		};
/* End PBXGroup section */

/* Begin PBXNativeTarget section */
		F5D5E4421F9D2D6600E37053 /* AllemanProject1 */ = {
			isa = PBXNativeTarget;
			buildConfigurationList = F5D5E46B1F9D2D6600E37053 /* Build configuration list for PBXNativeTarget "AllemanProject1" */;
			buildPhases = (
				F5D5E43F1F9D2D6600E37053 /* Sources */,
				F5D5E4401F9D2D6600E37053 /* Frameworks */,
				F5D5E4411F9D2D6600E37053 /* Resources */,
			);
			buildRules = (
			);
			dependencies = (
			);
			name = AllemanProject1;
			productName = AllemanProject1;
			productReference = F5D5E4431F9D2D6600E37053 /* AllemanProject1.app */;
			productType = "com.apple.product-type.application";
		};
		F5D5E4561F9D2D6600E37053 /* AllemanProject1Tests */ = {
			isa = PBXNativeTarget;
			buildConfigurationList = F5D5E46E1F9D2D6600E37053 /* Build configuration list for PBXNativeTarget "AllemanProject1Tests" */;
			buildPhases = (
				F5D5E4531F9D2D6600E37053 /* Sources */,
				F5D5E4541F9D2D6600E37053 /* Frameworks */,
				F5D5E4551F9D2D6600E37053 /* Resources */,
			);
			buildRules = (
			);
			dependencies = (
				F5D5E4591F9D2D6600E37053 /* PBXTargetDependency */,
			);
			name = AllemanProject1Tests;
			productName = AllemanProject1Tests;
			productReference = F5D5E4571F9D2D6600E37053 /* AllemanProject1Tests.xctest */;
			productType = "com.apple.product-type.bundle.unit-test";
		};
		F5D5E4611F9D2D6600E37053 /* AllemanProject1UITests */ = {
			isa = PBXNativeTarget;
			buildConfigurationList = F5D5E4711F9D2D6600E37053 /* Build configuration list for PBXNativeTarget "AllemanProject1UITests" */;
			buildPhases = (
				F5D5E45E1F9D2D6600E37053 /* Sources */,
				F5D5E45F1F9D2D6600E37053 /* Frameworks */,
				F5D5E4601F9D2D6600E37053 /* Resources */,
			);
			buildRules = (
			);
			dependencies = (
				F5D5E4641F9D2D6600E37053 /* PBXTargetDependency */,
			);
			name = AllemanProject1UITests;
			productName = AllemanProject1UITests;
			productReference = F5D5E4621F9D2D6600E37053 /* AllemanProject1UITests.xctest */;
			productType = "com.apple.product-type.bundle.ui-testing";
		};
/* End PBXNativeTarget section */

/* Begin PBXProject section */
		F5D5E43B1F9D2D6600E37053 /* Project object */ = {
			isa = PBXProject;
			attributes = {
				LastSwiftUpdateCheck = 0830;
				LastUpgradeCheck = 0830;
				ORGANIZATIONNAME = "Paige Alleman";
				TargetAttributes = {
					F5D5E4421F9D2D6600E37053 = {
						CreatedOnToolsVersion = 8.3.3;
						DevelopmentTeam = 6G9MWZPJP9;
						ProvisioningStyle = Automatic;
					};
					F5D5E4561F9D2D6600E37053 = {
						CreatedOnToolsVersion = 8.3.3;
						DevelopmentTeam = 6G9MWZPJP9;
						ProvisioningStyle = Automatic;
						TestTargetID = F5D5E4421F9D2D6600E37053;
					};
					F5D5E4611F9D2D6600E37053 = {
						CreatedOnToolsVersion = 8.3.3;
						DevelopmentTeam = 6G9MWZPJP9;
						ProvisioningStyle = Automatic;
						TestTargetID = F5D5E4421F9D2D6600E37053;
					};
				};
			};
			buildConfigurationList = F5D5E43E1F9D2D6600E37053 /* Build configuration list for PBXProject "AllemanProject1" */;
			compatibilityVersion = "Xcode 3.2";
			developmentRegion = English;
			hasScannedForEncodings = 0;
			knownRegions = (
				en,
				Base,
			);
			mainGroup = F5D5E43A1F9D2D6600E37053;
			productRefGroup = F5D5E4441F9D2D6600E37053 /* Products */;
			projectDirPath = "";
			projectRoot = "";
			targets = (
				F5D5E4421F9D2D6600E37053 /* AllemanProject1 */,
				F5D5E4561F9D2D6600E37053 /* AllemanProject1Tests */,
				F5D5E4611F9D2D6600E37053 /* AllemanProject1UITests */,
			);
		};
/* End PBXProject section */

/* Begin PBXResourcesBuildPhase section */
		F5D5E4411F9D2D6600E37053 /* Resources */ = {
			isa = PBXResourcesBuildPhase;
			buildActionMask = 2147483647;
			files = (
				F5D5E4511F9D2D6600E37053 /* LaunchScreen.storyboard in Resources */,
				F5D5E44E1F9D2D6600E37053 /* Assets.xcassets in Resources */,
				F5D5E44C1F9D2D6600E37053 /* Main.storyboard in Resources */,
			);
			runOnlyForDeploymentPostprocessing = 0;
		};
		F5D5E4551F9D2D6600E37053 /* Resources */ = {
			isa = PBXResourcesBuildPhase;
			buildActionMask = 2147483647;
			files = (
			);
			runOnlyForDeploymentPostprocessing = 0;
		};
		F5D5E4601F9D2D6600E37053 /* Resources */ = {
			isa = PBXResourcesBuildPhase;
			buildActionMask = 2147483647;
			files = (
			);
			runOnlyForDeploymentPostprocessing = 0;
		};
/* End PBXResourcesBuildPhase section */

/* Begin PBXSourcesBuildPhase section */
		F5D5E43F1F9D2D6600E37053 /* Sources */ = {
			isa = PBXSourcesBuildPhase;
			buildActionMask = 2147483647;
			files = (
				F5D5E4491F9D2D6600E37053 /* ViewController.swift in Sources */,
				F5D5E4471F9D2D6600E37053 /* AppDelegate.swift in Sources */,
			);
			runOnlyForDeploymentPostprocessing = 0;
		};
		F5D5E4531F9D2D6600E37053 /* Sources */ = {
			isa = PBXSourcesBuildPhase;
			buildActionMask = 2147483647;
			files = (
				F5D5E45C1F9D2D6600E37053 /* AllemanProject1Tests.swift in Sources */,
			);
			runOnlyForDeploymentPostprocessing = 0;
		};
		F5D5E45E1F9D2D6600E37053 /* Sources */ = {
			isa = PBXSourcesBuildPhase;
			buildActionMask = 2147483647;
			files = (
				F5D5E4671F9D2D6600E37053 /* AllemanProject1UITests.swift in Sources */,
			);
			runOnlyForDeploymentPostprocessing = 0;
		};
/* End PBXSourcesBuildPhase section */

/* Begin PBXTargetDependency section */
		F5D5E4591F9D2D6600E37053 /* PBXTargetDependency */ = {
			isa = PBXTargetDependency;
			target = F5D5E4421F9D2D6600E37053 /* AllemanProject1 */;
			targetProxy = F5D5E4581F9D2D6600E37053 /* PBXContainerItemProxy */;
		};
		F5D5E4641F9D2D6600E37053 /* PBXTargetDependency */ = {
			isa = PBXTargetDependency;
			target = F5D5E4421F9D2D6600E37053 /* AllemanProject1 */;
			targetProxy = F5D5E4631F9D2D6600E37053 /* PBXContainerItemProxy */;
		};
/* End PBXTargetDependency section */

/* Begin PBXVariantGroup section */
		F5D5E44A1F9D2D6600E37053 /* Main.storyboard */ = {
			isa = PBXVariantGroup;
			children = (
				F5D5E44B1F9D2D6600E37053 /* Base */,
			);
			name = Main.storyboard;
			sourceTree = "<group>";
		};
		F5D5E44F1F9D2D6600E37053 /* LaunchScreen.storyboard */ = {
			isa = PBXVariantGroup;
			children = (
				F5D5E4501F9D2D6600E37053 /* Base */,
			);
			name = LaunchScreen.storyboard;
			sourceTree = "<group>";
		};
/* End PBXVariantGroup section */

/* Begin XCBuildConfiguration section */
		F5D5E4691F9D2D6600E37053 /* Debug */ = {
			isa = XCBuildConfiguration;
			buildSettings = {
				ALWAYS_SEARCH_USER_PATHS = NO;
				CLANG_ANALYZER_NONNULL = YES;
				CLANG_ANALYZER_NUMBER_OBJECT_CONVERSION = YES_AGGRESSIVE;
				CLANG_CXX_LANGUAGE_STANDARD = "gnu++0x";
				CLANG_CXX_LIBRARY = "libc++";
				CLANG_ENABLE_MODULES = YES;
				CLANG_ENABLE_OBJC_ARC = YES;
				CLANG_WARN_BOOL_CONVERSION = YES;
				CLANG_WARN_CONSTANT_CONVERSION = YES;
				CLANG_WARN_DIRECT_OBJC_ISA_USAGE = YES_ERROR;
				CLANG_WARN_DOCUMENTATION_COMMENTS = YES;
				CLANG_WARN_EMPTY_BODY = YES;
				CLANG_WARN_ENUM_CONVERSION = YES;
				CLANG_WARN_INFINITE_RECURSION = YES;
				CLANG_WARN_INT_CONVERSION = YES;
				CLANG_WARN_OBJC_ROOT_CLASS = YES_ERROR;
				CLANG_WARN_SUSPICIOUS_MOVE = YES;
				CLANG_WARN_UNREACHABLE_CODE = YES;
				CLANG_WARN__DUPLICATE_METHOD_MATCH = YES;
				"CODE_SIGN_IDENTITY[sdk=iphoneos*]" = "iPhone Developer";
				COPY_PHASE_STRIP = NO;
				DEBUG_INFORMATION_FORMAT = dwarf;
				ENABLE_STRICT_OBJC_MSGSEND = YES;
				ENABLE_TESTABILITY = YES;
				GCC_C_LANGUAGE_STANDARD = gnu99;
				GCC_DYNAMIC_NO_PIC = NO;
				GCC_NO_COMMON_BLOCKS = YES;
				GCC_OPTIMIZATION_LEVEL = 0;
				GCC_PREPROCESSOR_DEFINITIONS = (
					"DEBUG=1",
					"$(inherited)",
				);
				GCC_WARN_64_TO_32_BIT_CONVERSION = YES;
				GCC_WARN_ABOUT_RETURN_TYPE = YES_ERROR;
				GCC_WARN_UNDECLARED_SELECTOR = YES;
				GCC_WARN_UNINITIALIZED_AUTOS = YES_AGGRESSIVE;
				GCC_WARN_UNUSED_FUNCTION = YES;
				GCC_WARN_UNUSED_VARIABLE = YES;
				IPHONEOS_DEPLOYMENT_TARGET = 10.3;
				MTL_ENABLE_DEBUG_INFO = YES;
				ONLY_ACTIVE_ARCH = YES;
				SDKROOT = iphoneos;
				SWIFT_ACTIVE_COMPILATION_CONDITIONS = DEBUG;
				SWIFT_OPTIMIZATION_LEVEL = "-Onone";
			};
			name = Debug;
		};
		F5D5E46A1F9D2D6600E37053 /* Release */ = {
			isa = XCBuildConfiguration;
			buildSettings = {
				ALWAYS_SEARCH_USER_PATHS = NO;
				CLANG_ANALYZER_NONNULL = YES;
				CLANG_ANALYZER_NUMBER_OBJECT_CONVERSION = YES_AGGRESSIVE;
				CLANG_CXX_LANGUAGE_STANDARD = "gnu++0x";
				CLANG_CXX_LIBRARY = "libc++";
				CLANG_ENABLE_MODULES = YES;
				CLANG_ENABLE_OBJC_ARC = YES;
				CLANG_WARN_BOOL_CONVERSION = YES;
				CLANG_WARN_CONSTANT_CONVERSION = YES;
				CLANG_WARN_DIRECT_OBJC_ISA_USAGE = YES_ERROR;
				CLANG_WARN_DOCUMENTATION_COMMENTS = YES;
				CLANG_WARN_EMPTY_BODY = YES;
				CLANG_WARN_ENUM_CONVERSION = YES;
				CLANG_WARN_INFINITE_RECURSION = YES;
				CLANG_WARN_INT_CONVERSION = YES;
				CLANG_WARN_OBJC_ROOT_CLASS = YES_ERROR;
				CLANG_WARN_SUSPICIOUS_MOVE = YES;
				CLANG_WARN_UNREACHABLE_CODE = YES;
				CLANG_WARN__DUPLICATE_METHOD_MATCH = YES;
				"CODE_SIGN_IDENTITY[sdk=iphoneos*]" = "iPhone Developer";
				COPY_PHASE_STRIP = NO;
				DEBUG_INFORMATION_FORMAT = "dwarf-with-dsym";
				ENABLE_NS_ASSERTIONS = NO;
				ENABLE_STRICT_OBJC_MSGSEND = YES;
				GCC_C_LANGUAGE_STANDARD = gnu99;
				GCC_NO_COMMON_BLOCKS = YES;
				GCC_WARN_64_TO_32_BIT_CONVERSION = YES;
				GCC_WARN_ABOUT_RETURN_TYPE = YES_ERROR;
				GCC_WARN_UNDECLARED_SELECTOR = YES;
				GCC_WARN_UNINITIALIZED_AUTOS = YES_AGGRESSIVE;
				GCC_WARN_UNUSED_FUNCTION = YES;
				GCC_WARN_UNUSED_VARIABLE = YES;
				IPHONEOS_DEPLOYMENT_TARGET = 10.3;
				MTL_ENABLE_DEBUG_INFO = NO;
				SDKROOT = iphoneos;
				SWIFT_OPTIMIZATION_LEVEL = "-Owholemodule";
				VALIDATE_PRODUCT = YES;
			};
			name = Release;
		};
		F5D5E46C1F9D2D6600E37053 /* Debug */ = {
			isa = XCBuildConfiguration;
			buildSettings = {
				ASSETCATALOG_COMPILER_APPICON_NAME = AppIcon;
				DEVELOPMENT_TEAM = 6G9MWZPJP9;
				INFOPLIST_FILE = AllemanProject1/Info.plist;
				LD_RUNPATH_SEARCH_PATHS = "$(inherited) @executable_path/Frameworks";
				PRODUCT_BUNDLE_IDENTIFIER = paigealleman.AllemanProject1;
				PRODUCT_NAME = "$(TARGET_NAME)";
				SWIFT_VERSION = 3.0;
			};
			name = Debug;
		};
		F5D5E46D1F9D2D6600E37053 /* Release */ = {
			isa = XCBuildConfiguration;
			buildSettings = {
				ASSETCATALOG_COMPILER_APPICON_NAME = AppIcon;
				DEVELOPMENT_TEAM = 6G9MWZPJP9;
				INFOPLIST_FILE = AllemanProject1/Info.plist;
				LD_RUNPATH_SEARCH_PATHS = "$(inherited) @executable_path/Frameworks";
				PRODUCT_BUNDLE_IDENTIFIER = paigealleman.AllemanProject1;
				PRODUCT_NAME = "$(TARGET_NAME)";
				SWIFT_VERSION = 3.0;
			};
			name = Release;
		};
		F5D5E46F1F9D2D6600E37053 /* Debug */ = {
			isa = XCBuildConfiguration;
			buildSettings = {
				ALWAYS_EMBED_SWIFT_STANDARD_LIBRARIES = YES;
				BUNDLE_LOADER = "$(TEST_HOST)";
				DEVELOPMENT_TEAM = 6G9MWZPJP9;
				INFOPLIST_FILE = AllemanProject1Tests/Info.plist;
				LD_RUNPATH_SEARCH_PATHS = "$(inherited) @executable_path/Frameworks @loader_path/Frameworks";
				PRODUCT_BUNDLE_IDENTIFIER = paigealleman.AllemanProject1Tests;
				PRODUCT_NAME = "$(TARGET_NAME)";
				SWIFT_VERSION = 3.0;
				TEST_HOST = "$(BUILT_PRODUCTS_DIR)/AllemanProject1.app/AllemanProject1";
			};
			name = Debug;
		};
		F5D5E4701F9D2D6600E37053 /* Release */ = {
			isa = XCBuildConfiguration;
			buildSettings = {
				ALWAYS_EMBED_SWIFT_STANDARD_LIBRARIES = YES;
				BUNDLE_LOADER = "$(TEST_HOST)";
				DEVELOPMENT_TEAM = 6G9MWZPJP9;
				INFOPLIST_FILE = AllemanProject1Tests/Info.plist;
				LD_RUNPATH_SEARCH_PATHS = "$(inherited) @executable_path/Frameworks @loader_path/Frameworks";
				PRODUCT_BUNDLE_IDENTIFIER = paigealleman.AllemanProject1Tests;
				PRODUCT_NAME = "$(TARGET_NAME)";
				SWIFT_VERSION = 3.0;
				TEST_HOST = "$(BUILT_PRODUCTS_DIR)/AllemanProject1.app/AllemanProject1";
			};
			name = Release;
		};
		F5D5E4721F9D2D6600E37053 /* Debug */ = {
			isa = XCBuildConfiguration;
			buildSettings = {
				ALWAYS_EMBED_SWIFT_STANDARD_LIBRARIES = YES;
				DEVELOPMENT_TEAM = 6G9MWZPJP9;
				INFOPLIST_FILE = AllemanProject1UITests/Info.plist;
				LD_RUNPATH_SEARCH_PATHS = "$(inherited) @executable_path/Frameworks @loader_path/Frameworks";
				PRODUCT_BUNDLE_IDENTIFIER = paigealleman.AllemanProject1UITests;
				PRODUCT_NAME = "$(TARGET_NAME)";
				SWIFT_VERSION = 3.0;
				TEST_TARGET_NAME = AllemanProject1;
			};
			name = Debug;
		};
		F5D5E4731F9D2D6600E37053 /* Release */ = {
			isa = XCBuildConfiguration;
			buildSettings = {
				ALWAYS_EMBED_SWIFT_STANDARD_LIBRARIES = YES;
				DEVELOPMENT_TEAM = 6G9MWZPJP9;
				INFOPLIST_FILE = AllemanProject1UITests/Info.plist;
				LD_RUNPATH_SEARCH_PATHS = "$(inherited) @executable_path/Frameworks @loader_path/Frameworks";
				PRODUCT_BUNDLE_IDENTIFIER = paigealleman.AllemanProject1UITests;
				PRODUCT_NAME = "$(TARGET_NAME)";
				SWIFT_VERSION = 3.0;
				TEST_TARGET_NAME = AllemanProject1;
			};
			name = Release;
		};
/* End XCBuildConfiguration section */

/* Begin XCConfigurationList section */
		F5D5E43E1F9D2D6600E37053 /* Build configuration list for PBXProject "AllemanProject1" */ = {
			isa = XCConfigurationList;
			buildConfigurations = (
				F5D5E4691F9D2D6600E37053 /* Debug */,
				F5D5E46A1F9D2D6600E37053 /* Release */,
			);
			defaultConfigurationIsVisible = 0;
			defaultConfigurationName = Release;
		};
		F5D5E46B1F9D2D6600E37053 /* Build configuration list for PBXNativeTarget "AllemanProject1" */ = {
			isa = XCConfigurationList;
			buildConfigurations = (
				F5D5E46C1F9D2D6600E37053 /* Debug */,
				F5D5E46D1F9D2D6600E37053 /* Release */,
			);
			defaultConfigurationIsVisible = 0;
		};
		F5D5E46E1F9D2D6600E37053 /* Build configuration list for PBXNativeTarget "AllemanProject1Tests" */ = {
			isa = XCConfigurationList;
			buildConfigurations = (
				F5D5E46F1F9D2D6600E37053 /* Debug */,
				F5D5E4701F9D2D6600E37053 /* Release */,
			);
			defaultConfigurationIsVisible = 0;
		};
		F5D5E4711F9D2D6600E37053 /* Build configuration list for PBXNativeTarget "AllemanProject1UITests" */ = {
			isa = XCConfigurationList;
			buildConfigurations = (
				F5D5E4721F9D2D6600E37053 /* Debug */,
				F5D5E4731F9D2D6600E37053 /* Release */,
			);
			defaultConfigurationIsVisible = 0;
		};
/* End XCConfigurationList section */
	};
	rootObject = F5D5E43B1F9D2D6600E37053 /* Project object */;
}
